
Microsoft Visual Studio Solution File, Format Version 12.00
# Visual Studio Version 17
VisualStudioVersion = 17.1.32328.378
MinimumVisualStudioVersion = 10.0.40219.1
Project("{FAE04EC0-301F-11D3-BF4B-00C04F79EFBC}") = "MoodAnalyzerProblem", "MoodAnalyzerProblem.csproj", "{8ABBA0DB-A63D-4753-832C-33E1166CF6D0}"
EndProject
Project("{FAE04EC0-301F-11D3-BF4B-00C04F79EFBC}") = "TestMoodAnalyzer", "..\TestMoodAnalyzer\TestMoodAnalyzer.csproj", "{DFB8D0CF-C039-452F-8299-A476104A87DC}"
EndProject
Global
	GlobalSection(SolutionConfigurationPlatforms) = preSolution
		Debug|Any CPU = Debug|Any CPU
		Release|Any CPU = Release|Any CPU
	EndGlobalSection
	GlobalSection(ProjectConfigurationPlatforms) = postSolution
		{8ABBA0DB-A63D-4753-832C-33E1166CF6D0}.Debug|Any CPU.ActiveCfg = Debug|Any CPU
		{8ABBA0DB-A63D-4753-832C-33E1166CF6D0}.Debug|Any CPU.Build.0 = Debug|Any CPU
		{8ABBA0DB-A63D-4753-832C-33E1166CF6D0}.Release|Any CPU.ActiveCfg = Release|Any CPU
		{8ABBA0DB-A63D-4753-832C-33E1166CF6D0}.Release|Any CPU.Build.0 = Release|Any CPU
		{DFB8D0CF-C039-452F-8299-A476104A87DC}.Debug|Any CPU.ActiveCfg = Debug|Any CPU
		{DFB8D0CF-C039-452F-8299-A476104A87DC}.Debug|Any CPU.Build.0 = Debug|Any CPU
		{DFB8D0CF-C039-452F-8299-A476104A87DC}.Release|Any CPU.ActiveCfg = Release|Any CPU
		{DFB8D0CF-C039-452F-8299-A476104A87DC}.Release|Any CPU.Build.0 = Release|Any CPU
	EndGlobalSection
	GlobalSection(SolutionProperties) = preSolution
		HideSolutionNode = FALSE
	EndGlobalSection
	GlobalSection(ExtensibilityGlobals) = postSolution
		SolutionGuid = {0DA49B97-CCD7-480E-84F1-9CC64C4C4609}
	EndGlobalSection
EndGlobal
